{
  "requires": true,
  "lockfileVersion": 1,
  "dependencies": {
    "expo-font": {
      "version": "9.2.1",
      "resolved": "https://registry.npmjs.org/expo-font/-/expo-font-9.2.1.tgz",
      "integrity": "sha512-sT9nm2Dt1nTLz+Ir1fSpyzqH40eJX324Wu5sPyvT2Ivnmu2rw2rxt3gNa8Kvdb8BPRz4qrRvHR/E+YKMqa6ZgQ==",
      "requires": {
        "expo-modules-core": "~0.2.0",
        "fontfaceobserver": "^2.1.0"
      }
    },
    "expo-modules-core": {
      "version": "0.2.0",
      "resolved": "https://registry.npmjs.org/expo-modules-core/-/expo-modules-core-0.2.0.tgz",
      "integrity": "sha512-inpfZ5X/BaTtbj2wG9PA9AC0MN8VyId6KSRlVuEg7+ziurHBy/kKDFxpOddUokhwiln2uhoYPSStJjR/tKypdw=="
    },
    "fontfaceobserver": {
      "version": "2.1.0",
      "resolved": "https://registry.npmjs.org/fontfaceobserver/-/fontfaceobserver-2.1.0.tgz",
      "integrity": "sha512-ReOsO2F66jUa0jmv2nlM/s1MiutJx/srhAe2+TE8dJCMi02ZZOcCTxTCQFr3Yet+uODUtnr4Mewg+tNQ+4V1Ng=="
    }
  }
}
